
Microsoft Visual Studio Solution File, Format Version 12.00
# Visual Studio 15
VisualStudioVersion = 15.0.27130.2010
MinimumVisualStudioVersion = 10.0.40219.1
Project("{FAE04EC0-301F-11D3-BF4B-00C04F79EFBC}") = "GameOfChallengers.Android", "GameOfChallengers\GameOfChallengers.Android\GameOfChallengers.Android.csproj", "{6D63FCDC-31CB-4B99-8626-1D078B5BCA3F}"
EndProject
Project("{FAE04EC0-301F-11D3-BF4B-00C04F79EFBC}") = "GameOfChallengers.iOS", "GameOfChallengers\GameOfChallengers.iOS\GameOfChallengers.iOS.csproj", "{EA2766AD-32C8-4309-9868-1C8BB29B27CA}"
EndProject
Project("{FAE04EC0-301F-11D3-BF4B-00C04F79EFBC}") = "GameOfChallengers.UWP", "GameOfChallengers\GameOfChallengers.UWP\GameOfChallengers.UWP.csproj", "{89A28E3A-5C97-44D2-873F-26CE49C549C2}"
EndProject
Project("{D954291E-2A0B-460D-934E-DC6B0785DB48}") = "GameOfChallengers", "GameOfChallengers\GameOfChallengers\GameOfChallengers.shproj", "{9B192648-7C44-4E22-A8B3-D3653CDD0EFF}"
EndProject
Global
	GlobalSection(SharedMSBuildProjectFiles) = preSolution
		GameOfChallengers\GameOfChallengers\GameOfChallengers.projitems*{6d63fcdc-31cb-4b99-8626-1d078b5bca3f}*SharedItemsImports = 4
		GameOfChallengers\GameOfChallengers\GameOfChallengers.projitems*{89a28e3a-5c97-44d2-873f-26ce49c549c2}*SharedItemsImports = 4
		GameOfChallengers\GameOfChallengers\GameOfChallengers.projitems*{9b192648-7c44-4e22-a8b3-d3653cdd0eff}*SharedItemsImports = 13
		GameOfChallengers\GameOfChallengers\GameOfChallengers.projitems*{ea2766ad-32c8-4309-9868-1c8bb29b27ca}*SharedItemsImports = 4
	EndGlobalSection
	GlobalSection(SolutionConfigurationPlatforms) = preSolution
		Ad-Hoc|Any CPU = Ad-Hoc|Any CPU
		Ad-Hoc|ARM = Ad-Hoc|ARM
		Ad-Hoc|iPhone = Ad-Hoc|iPhone
		Ad-Hoc|iPhoneSimulator = Ad-Hoc|iPhoneSimulator
		Ad-Hoc|x64 = Ad-Hoc|x64
		Ad-Hoc|x86 = Ad-Hoc|x86
		AppStore|Any CPU = AppStore|Any CPU
		AppStore|ARM = AppStore|ARM
		AppStore|iPhone = AppStore|iPhone
		AppStore|iPhoneSimulator = AppStore|iPhoneSimulator
		AppStore|x64 = AppStore|x64
		AppStore|x86 = AppStore|x86
		Debug|Any CPU = Debug|Any CPU
		Debug|ARM = Debug|ARM
		Debug|iPhone = Debug|iPhone
		Debug|iPhoneSimulator = Debug|iPhoneSimulator
		Debug|x64 = Debug|x64
		Debug|x86 = Debug|x86
		Release|Any CPU = Release|Any CPU
		Release|ARM = Release|ARM
		Release|iPhone = Release|iPhone
		Release|iPhoneSimulator = Release|iPhoneSimulator
		Release|x64 = Release|x64
		Release|x86 = Release|x86
	EndGlobalSection
	GlobalSection(ProjectConfigurationPlatforms) = postSolution
		{6D63FCDC-31CB-4B99-8626-1D078B5BCA3F}.Ad-Hoc|Any CPU.ActiveCfg = Release|Any CPU
		{6D63FCDC-31CB-4B99-8626-1D078B5BCA3F}.Ad-Hoc|Any CPU.Build.0 = Release|Any CPU
		{6D63FCDC-31CB-4B99-8626-1D078B5BCA3F}.Ad-Hoc|Any CPU.Deploy.0 = Release|Any CPU
		{6D63FCDC-31CB-4B99-8626-1D078B5BCA3F}.Ad-Hoc|ARM.ActiveCfg = Release|Any CPU
		{6D63FCDC-31CB-4B99-8626-1D078B5BCA3F}.Ad-Hoc|ARM.Build.0 = Release|Any CPU
		{6D63FCDC-31CB-4B99-8626-1D078B5BCA3F}.Ad-Hoc|ARM.Deploy.0 = Release|Any CPU
		{6D63FCDC-31CB-4B99-8626-1D078B5BCA3F}.Ad-Hoc|iPhone.ActiveCfg = Release|Any CPU
		{6D63FCDC-31CB-4B99-8626-1D078B5BCA3F}.Ad-Hoc|iPhone.Build.0 = Release|Any CPU
		{6D63FCDC-31CB-4B99-8626-1D078B5BCA3F}.Ad-Hoc|iPhone.Deploy.0 = Release|Any CPU
		{6D63FCDC-31CB-4B99-8626-1D078B5BCA3F}.Ad-Hoc|iPhoneSimulator.ActiveCfg = Release|Any CPU
		{6D63FCDC-31CB-4B99-8626-1D078B5BCA3F}.Ad-Hoc|iPhoneSimulator.Build.0 = Release|Any CPU
		{6D63FCDC-31CB-4B99-8626-1D078B5BCA3F}.Ad-Hoc|iPhoneSimulator.Deploy.0 = Release|Any CPU
		{6D63FCDC-31CB-4B99-8626-1D078B5BCA3F}.Ad-Hoc|x64.ActiveCfg = Release|Any CPU
		{6D63FCDC-31CB-4B99-8626-1D078B5BCA3F}.Ad-Hoc|x64.Build.0 = Release|Any CPU
		{6D63FCDC-31CB-4B99-8626-1D078B5BCA3F}.Ad-Hoc|x64.Deploy.0 = Release|Any CPU
		{6D63FCDC-31CB-4B99-8626-1D078B5BCA3F}.Ad-Hoc|x86.ActiveCfg = Release|Any CPU
		{6D63FCDC-31CB-4B99-8626-1D078B5BCA3F}.Ad-Hoc|x86.Build.0 = Release|Any CPU
		{6D63FCDC-31CB-4B99-8626-1D078B5BCA3F}.Ad-Hoc|x86.Deploy.0 = Release|Any CPU
		{6D63FCDC-31CB-4B99-8626-1D078B5BCA3F}.AppStore|Any CPU.ActiveCfg = Release|Any CPU
		{6D63FCDC-31CB-4B99-8626-1D078B5BCA3F}.AppStore|Any CPU.Build.0 = Release|Any CPU
		{6D63FCDC-31CB-4B99-8626-1D078B5BCA3F}.AppStore|Any CPU.Deploy.0 = Release|Any CPU
		{6D63FCDC-31CB-4B99-8626-1D078B5BCA3F}.AppStore|ARM.ActiveCfg = Release|Any CPU
		{6D63FCDC-31CB-4B99-8626-1D078B5BCA3F}.AppStore|ARM.Build.0 = Release|Any CPU
		{6D63FCDC-31CB-4B99-8626-1D078B5BCA3F}.AppStore|ARM.Deploy.0 = Release|Any CPU
		{6D63FCDC-31CB-4B99-8626-1D078B5BCA3F}.AppStore|iPhone.ActiveCfg = Release|Any CPU
		{6D63FCDC-31CB-4B99-8626-1D078B5BCA3F}.AppStore|iPhone.Build.0 = Release|Any CPU
		{6D63FCDC-31CB-4B99-8626-1D078B5BCA3F}.AppStore|iPhone.Deploy.0 = Release|Any CPU
		{6D63FCDC-31CB-4B99-8626-1D078B5BCA3F}.AppStore|iPhoneSimulator.ActiveCfg = Release|Any CPU
		{6D63FCDC-31CB-4B99-8626-1D078B5BCA3F}.AppStore|iPhoneSimulator.Build.0 = Release|Any CPU
		{6D63FCDC-31CB-4B99-8626-1D078B5BCA3F}.AppStore|iPhoneSimulator.Deploy.0 = Release|Any CPU
		{6D63FCDC-31CB-4B99-8626-1D078B5BCA3F}.AppStore|x64.ActiveCfg = Release|Any CPU
		{6D63FCDC-31CB-4B99-8626-1D078B5BCA3F}.AppStore|x64.Build.0 = Release|Any CPU
		{6D63FCDC-31CB-4B99-8626-1D078B5BCA3F}.AppStore|x64.Deploy.0 = Release|Any CPU
		{6D63FCDC-31CB-4B99-8626-1D078B5BCA3F}.AppStore|x86.ActiveCfg = Release|Any CPU
		{6D63FCDC-31CB-4B99-8626-1D078B5BCA3F}.AppStore|x86.Build.0 = Release|Any CPU
		{6D63FCDC-31CB-4B99-8626-1D078B5BCA3F}.AppStore|x86.Deploy.0 = Release|Any CPU
		{6D63FCDC-31CB-4B99-8626-1D078B5BCA3F}.Debug|Any CPU.ActiveCfg = Debug|Any CPU
		{6D63FCDC-31CB-4B99-8626-1D078B5BCA3F}.Debug|Any CPU.Build.0 = Debug|Any CPU
		{6D63FCDC-31CB-4B99-8626-1D078B5BCA3F}.Debug|Any CPU.Deploy.0 = Debug|Any CPU
		{6D63FCDC-31CB-4B99-8626-1D078B5BCA3F}.Debug|ARM.ActiveCfg = Debug|Any CPU
		{6D63FCDC-31CB-4B99-8626-1D078B5BCA3F}.Debug|ARM.Build.0 = Debug|Any CPU
		{6D63FCDC-31CB-4B99-8626-1D078B5BCA3F}.Debug|ARM.Deploy.0 = Debug|Any CPU
		{6D63FCDC-31CB-4B99-8626-1D078B5BCA3F}.Debug|iPhone.ActiveCfg = Debug|Any CPU
		{6D63FCDC-31CB-4B99-8626-1D078B5BCA3F}.Debug|iPhone.Build.0 = Debug|Any CPU
		{6D63FCDC-31CB-4B99-8626-1D078B5BCA3F}.Debug|iPhone.Deploy.0 = Debug|Any CPU
		{6D63FCDC-31CB-4B99-8626-1D078B5BCA3F}.Debug|iPhoneSimulator.ActiveCfg = Debug|Any CPU
		{6D63FCDC-31CB-4B99-8626-1D078B5BCA3F}.Debug|iPhoneSimulator.Build.0 = Debug|Any CPU
		{6D63FCDC-31CB-4B99-8626-1D078B5BCA3F}.Debug|iPhoneSimulator.Deploy.0 = Debug|Any CPU
		{6D63FCDC-31CB-4B99-8626-1D078B5BCA3F}.Debug|x64.ActiveCfg = Debug|Any CPU
		{6D63FCDC-31CB-4B99-8626-1D078B5BCA3F}.Debug|x64.Build.0 = Debug|Any CPU
		{6D63FCDC-31CB-4B99-8626-1D078B5BCA3F}.Debug|x64.Deploy.0 = Debug|Any CPU
		{6D63FCDC-31CB-4B99-8626-1D078B5BCA3F}.Debug|x86.ActiveCfg = Debug|Any CPU
		{6D63FCDC-31CB-4B99-8626-1D078B5BCA3F}.Debug|x86.Build.0 = Debug|Any CPU
		{6D63FCDC-31CB-4B99-8626-1D078B5BCA3F}.Debug|x86.Deploy.0 = Debug|Any CPU
		{6D63FCDC-31CB-4B99-8626-1D078B5BCA3F}.Release|Any CPU.ActiveCfg = Release|Any CPU
		{6D63FCDC-31CB-4B99-8626-1D078B5BCA3F}.Release|Any CPU.Build.0 = Release|Any CPU
		{6D63FCDC-31CB-4B99-8626-1D078B5BCA3F}.Release|Any CPU.Deploy.0 = Release|Any CPU
		{6D63FCDC-31CB-4B99-8626-1D078B5BCA3F}.Release|ARM.ActiveCfg = Release|Any CPU
		{6D63FCDC-31CB-4B99-8626-1D078B5BCA3F}.Release|ARM.Build.0 = Release|Any CPU
		{6D63FCDC-31CB-4B99-8626-1D078B5BCA3F}.Release|ARM.Deploy.0 = Release|Any CPU
		{6D63FCDC-31CB-4B99-8626-1D078B5BCA3F}.Release|iPhone.ActiveCfg = Release|Any CPU
		{6D63FCDC-31CB-4B99-8626-1D078B5BCA3F}.Release|iPhone.Build.0 = Release|Any CPU
		{6D63FCDC-31CB-4B99-8626-1D078B5BCA3F}.Release|iPhone.Deploy.0 = Release|Any CPU
		{6D63FCDC-31CB-4B99-8626-1D078B5BCA3F}.Release|iPhoneSimulator.ActiveCfg = Release|Any CPU
		{6D63FCDC-31CB-4B99-8626-1D078B5BCA3F}.Release|iPhoneSimulator.Build.0 = Release|Any CPU
		{6D63FCDC-31CB-4B99-8626-1D078B5BCA3F}.Release|iPhoneSimulator.Deploy.0 = Release|Any CPU
		{6D63FCDC-31CB-4B99-8626-1D078B5BCA3F}.Release|x64.ActiveCfg = Release|Any CPU
		{6D63FCDC-31CB-4B99-8626-1D078B5BCA3F}.Release|x64.Build.0 = Release|Any CPU
		{6D63FCDC-31CB-4B99-8626-1D078B5BCA3F}.Release|x64.Deploy.0 = Release|Any CPU
		{6D63FCDC-31CB-4B99-8626-1D078B5BCA3F}.Release|x86.ActiveCfg = Release|Any CPU
		{6D63FCDC-31CB-4B99-8626-1D078B5BCA3F}.Release|x86.Build.0 = Release|Any CPU
		{6D63FCDC-31CB-4B99-8626-1D078B5BCA3F}.Release|x86.Deploy.0 = Release|Any CPU
		{EA2766AD-32C8-4309-9868-1C8BB29B27CA}.Ad-Hoc|Any CPU.ActiveCfg = Ad-Hoc|iPhone
		{EA2766AD-32C8-4309-9868-1C8BB29B27CA}.Ad-Hoc|ARM.ActiveCfg = Ad-Hoc|iPhone
		{EA2766AD-32C8-4309-9868-1C8BB29B27CA}.Ad-Hoc|iPhone.ActiveCfg = Ad-Hoc|iPhone
		{EA2766AD-32C8-4309-9868-1C8BB29B27CA}.Ad-Hoc|iPhone.Build.0 = Ad-Hoc|iPhone
		{EA2766AD-32C8-4309-9868-1C8BB29B27CA}.Ad-Hoc|iPhoneSimulator.ActiveCfg = Ad-Hoc|iPhoneSimulator
		{EA2766AD-32C8-4309-9868-1C8BB29B27CA}.Ad-Hoc|iPhoneSimulator.Build.0 = Ad-Hoc|iPhoneSimulator
		{EA2766AD-32C8-4309-9868-1C8BB29B27CA}.Ad-Hoc|x64.ActiveCfg = Ad-Hoc|iPhone
		{EA2766AD-32C8-4309-9868-1C8BB29B27CA}.Ad-Hoc|x86.ActiveCfg = Ad-Hoc|iPhone
		{EA2766AD-32C8-4309-9868-1C8BB29B27CA}.AppStore|Any CPU.ActiveCfg = AppStore|iPhone
		{EA2766AD-32C8-4309-9868-1C8BB29B27CA}.AppStore|ARM.ActiveCfg = AppStore|iPhone
		{EA2766AD-32C8-4309-9868-1C8BB29B27CA}.AppStore|iPhone.ActiveCfg = AppStore|iPhone
		{EA2766AD-32C8-4309-9868-1C8BB29B27CA}.AppStore|iPhone.Build.0 = AppStore|iPhone
		{EA2766AD-32C8-4309-9868-1C8BB29B27CA}.AppStore|iPhoneSimulator.ActiveCfg = AppStore|iPhoneSimulator
		{EA2766AD-32C8-4309-9868-1C8BB29B27CA}.AppStore|iPhoneSimulator.Build.0 = AppStore|iPhoneSimulator
		{EA2766AD-32C8-4309-9868-1C8BB29B27CA}.AppStore|x64.ActiveCfg = AppStore|iPhone
		{EA2766AD-32C8-4309-9868-1C8BB29B27CA}.AppStore|x86.ActiveCfg = AppStore|iPhone
		{EA2766AD-32C8-4309-9868-1C8BB29B27CA}.Debug|Any CPU.ActiveCfg = Debug|iPhone
		{EA2766AD-32C8-4309-9868-1C8BB29B27CA}.Debug|ARM.ActiveCfg = Debug|iPhone
		{EA2766AD-32C8-4309-9868-1C8BB29B27CA}.Debug|iPhone.ActiveCfg = Debug|iPhone
		{EA2766AD-32C8-4309-9868-1C8BB29B27CA}.Debug|iPhone.Build.0 = Debug|iPhone
		{EA2766AD-32C8-4309-9868-1C8BB29B27CA}.Debug|iPhoneSimulator.ActiveCfg = Debug|iPhoneSimulator
		{EA2766AD-32C8-4309-9868-1C8BB29B27CA}.Debug|iPhoneSimulator.Build.0 = Debug|iPhoneSimulator
		{EA2766AD-32C8-4309-9868-1C8BB29B27CA}.Debug|x64.ActiveCfg = Debug|iPhone
		{EA2766AD-32C8-4309-9868-1C8BB29B27CA}.Debug|x86.ActiveCfg = Debug|iPhone
		{EA2766AD-32C8-4309-9868-1C8BB29B27CA}.Release|Any CPU.ActiveCfg = Release|iPhone
		{EA2766AD-32C8-4309-9868-1C8BB29B27CA}.Release|ARM.ActiveCfg = Release|iPhone
		{EA2766AD-32C8-4309-9868-1C8BB29B27CA}.Release|iPhone.ActiveCfg = Release|iPhone
		{EA2766AD-32C8-4309-9868-1C8BB29B27CA}.Release|iPhone.Build.0 = Release|iPhone
		{EA2766AD-32C8-4309-9868-1C8BB29B27CA}.Release|iPhoneSimulator.ActiveCfg = Release|iPhoneSimulator
		{EA2766AD-32C8-4309-9868-1C8BB29B27CA}.Release|iPhoneSimulator.Build.0 = Release|iPhoneSimulator
		{EA2766AD-32C8-4309-9868-1C8BB29B27CA}.Release|x64.ActiveCfg = Release|iPhone
		{EA2766AD-32C8-4309-9868-1C8BB29B27CA}.Release|x86.ActiveCfg = Release|iPhone
		{89A28E3A-5C97-44D2-873F-26CE49C549C2}.Ad-Hoc|Any CPU.ActiveCfg = Release|x86
		{89A28E3A-5C97-44D2-873F-26CE49C549C2}.Ad-Hoc|Any CPU.Build.0 = Release|x86
		{89A28E3A-5C97-44D2-873F-26CE49C549C2}.Ad-Hoc|Any CPU.Deploy.0 = Release|x86
		{89A28E3A-5C97-44D2-873F-26CE49C549C2}.Ad-Hoc|ARM.ActiveCfg = Release|ARM
		{89A28E3A-5C97-44D2-873F-26CE49C549C2}.Ad-Hoc|ARM.Build.0 = Release|ARM
		{89A28E3A-5C97-44D2-873F-26CE49C549C2}.Ad-Hoc|ARM.Deploy.0 = Release|ARM
		{89A28E3A-5C97-44D2-873F-26CE49C549C2}.Ad-Hoc|iPhone.ActiveCfg = Release|x86
		{89A28E3A-5C97-44D2-873F-26CE49C549C2}.Ad-Hoc|iPhone.Build.0 = Release|x86
		{89A28E3A-5C97-44D2-873F-26CE49C549C2}.Ad-Hoc|iPhone.Deploy.0 = Release|x86
		{89A28E3A-5C97-44D2-873F-26CE49C549C2}.Ad-Hoc|iPhoneSimulator.ActiveCfg = Release|x86
		{89A28E3A-5C97-44D2-873F-26CE49C549C2}.Ad-Hoc|iPhoneSimulator.Build.0 = Release|x86
		{89A28E3A-5C97-44D2-873F-26CE49C549C2}.Ad-Hoc|iPhoneSimulator.Deploy.0 = Release|x86
		{89A28E3A-5C97-44D2-873F-26CE49C549C2}.Ad-Hoc|x64.ActiveCfg = Release|x64
		{89A28E3A-5C97-44D2-873F-26CE49C549C2}.Ad-Hoc|x64.Build.0 = Release|x64
		{89A28E3A-5C97-44D2-873F-26CE49C549C2}.Ad-Hoc|x64.Deploy.0 = Release|x64
		{89A28E3A-5C97-44D2-873F-26CE49C549C2}.Ad-Hoc|x86.ActiveCfg = Release|x86
		{89A28E3A-5C97-44D2-873F-26CE49C549C2}.Ad-Hoc|x86.Build.0 = Release|x86
		{89A28E3A-5C97-44D2-873F-26CE49C549C2}.Ad-Hoc|x86.Deploy.0 = Release|x86
		{89A28E3A-5C97-44D2-873F-26CE49C549C2}.AppStore|Any CPU.ActiveCfg = Release|x86
		{89A28E3A-5C97-44D2-873F-26CE49C549C2}.AppStore|Any CPU.Build.0 = Release|x86
		{89A28E3A-5C97-44D2-873F-26CE49C549C2}.AppStore|Any CPU.Deploy.0 = Release|x86
		{89A28E3A-5C97-44D2-873F-26CE49C549C2}.AppStore|ARM.ActiveCfg = Release|ARM
		{89A28E3A-5C97-44D2-873F-26CE49C549C2}.AppStore|ARM.Build.0 = Release|ARM
		{89A28E3A-5C97-44D2-873F-26CE49C549C2}.AppStore|ARM.Deploy.0 = Release|ARM
		{89A28E3A-5C97-44D2-873F-26CE49C549C2}.AppStore|iPhone.ActiveCfg = Release|x86
		{89A28E3A-5C97-44D2-873F-26CE49C549C2}.AppStore|iPhone.Build.0 = Release|x86
		{89A28E3A-5C97-44D2-873F-26CE49C549C2}.AppStore|iPhone.Deploy.0 = Release|x86
		{89A28E3A-5C97-44D2-873F-26CE49C549C2}.AppStore|iPhoneSimulator.ActiveCfg = Release|x86
		{89A28E3A-5C97-44D2-873F-26CE49C549C2}.AppStore|iPhoneSimulator.Build.0 = Release|x86
		{89A28E3A-5C97-44D2-873F-26CE49C549C2}.AppStore|iPhoneSimulator.Deploy.0 = Release|x86
		{89A28E3A-5C97-44D2-873F-26CE49C549C2}.AppStore|x64.ActiveCfg = Release|x64
		{89A28E3A-5C97-44D2-873F-26CE49C549C2}.AppStore|x64.Build.0 = Release|x64
		{89A28E3A-5C97-44D2-873F-26CE49C549C2}.AppStore|x64.Deploy.0 = Release|x64
		{89A28E3A-5C97-44D2-873F-26CE49C549C2}.AppStore|x86.ActiveCfg = Release|x86
		{89A28E3A-5C97-44D2-873F-26CE49C549C2}.AppStore|x86.Build.0 = Release|x86
		{89A28E3A-5C97-44D2-873F-26CE49C549C2}.AppStore|x86.Deploy.0 = Release|x86
		{89A28E3A-5C97-44D2-873F-26CE49C549C2}.Debug|Any CPU.ActiveCfg = Debug|x86
		{89A28E3A-5C97-44D2-873F-26CE49C549C2}.Debug|ARM.ActiveCfg = Debug|ARM
		{89A28E3A-5C97-44D2-873F-26CE49C549C2}.Debug|ARM.Build.0 = Debug|ARM
		{89A28E3A-5C97-44D2-873F-26CE49C549C2}.Debug|ARM.Deploy.0 = Debug|ARM
		{89A28E3A-5C97-44D2-873F-26CE49C549C2}.Debug|iPhone.ActiveCfg = Debug|x86
		{89A28E3A-5C97-44D2-873F-26CE49C549C2}.Debug|iPhoneSimulator.ActiveCfg = Debug|x86
		{89A28E3A-5C97-44D2-873F-26CE49C549C2}.Debug|x64.ActiveCfg = Debug|x64
		{89A28E3A-5C97-44D2-873F-26CE49C549C2}.Debug|x64.Build.0 = Debug|x64
		{89A28E3A-5C97-44D2-873F-26CE49C549C2}.Debug|x64.Deploy.0 = Debug|x64
		{89A28E3A-5C97-44D2-873F-26CE49C549C2}.Debug|x86.ActiveCfg = Debug|x86
		{89A28E3A-5C97-44D2-873F-26CE49C549C2}.Debug|x86.Build.0 = Debug|x86
		{89A28E3A-5C97-44D2-873F-26CE49C549C2}.Debug|x86.Deploy.0 = Debug|x86
		{89A28E3A-5C97-44D2-873F-26CE49C549C2}.Release|Any CPU.ActiveCfg = Release|x86
		{89A28E3A-5C97-44D2-873F-26CE49C549C2}.Release|ARM.ActiveCfg = Release|ARM
		{89A28E3A-5C97-44D2-873F-26CE49C549C2}.Release|ARM.Build.0 = Release|ARM
		{89A28E3A-5C97-44D2-873F-26CE49C549C2}.Release|ARM.Deploy.0 = Release|ARM
		{89A28E3A-5C97-44D2-873F-26CE49C549C2}.Release|iPhone.ActiveCfg = Release|x86
		{89A28E3A-5C97-44D2-873F-26CE49C549C2}.Release|iPhoneSimulator.ActiveCfg = Release|x86
		{89A28E3A-5C97-44D2-873F-26CE49C549C2}.Release|x64.ActiveCfg = Release|x64
		{89A28E3A-5C97-44D2-873F-26CE49C549C2}.Release|x64.Build.0 = Release|x64
		{89A28E3A-5C97-44D2-873F-26CE49C549C2}.Release|x64.Deploy.0 = Release|x64
		{89A28E3A-5C97-44D2-873F-26CE49C549C2}.Release|x86.ActiveCfg = Release|x86
		{89A28E3A-5C97-44D2-873F-26CE49C549C2}.Release|x86.Build.0 = Release|x86
		{89A28E3A-5C97-44D2-873F-26CE49C549C2}.Release|x86.Deploy.0 = Release|x86
	EndGlobalSection
	GlobalSection(SolutionProperties) = preSolution
		HideSolutionNode = FALSE
	EndGlobalSection
	GlobalSection(ExtensibilityGlobals) = postSolution
		SolutionGuid = {CAACFC22-A2D0-4408-94C7-532C14C8D132}
	EndGlobalSection
EndGlobal
